// !$*UTF8*$!
{
	archiveVersion = 1;
	classes = {
	};
	objectVersion = 50;
	objects = {

/* Begin PBXBuildFile section */
		72471B0825DF906A00A79912 /* AppDelegate.m in Sources */ = {isa = PBXBuildFile; fileRef = 72471B0725DF906A00A79912 /* AppDelegate.m */; };
		72471B0B25DF906A00A79912 /* SceneDelegate.m in Sources */ = {isa = PBXBuildFile; fileRef = 72471B0A25DF906A00A79912 /* SceneDelegate.m */; };
		72471B0E25DF906B00A79912 /* ViewController.m in Sources */ = {isa = PBXBuildFile; fileRef = 72471B0D25DF906B00A79912 /* ViewController.m */; };
		72471B1125DF906B00A79912 /* Main.storyboard in Resources */ = {isa = PBXBuildFile; fileRef = 72471B0F25DF906B00A79912 /* Main.storyboard */; };
		72471B1325DF906B00A79912 /* Assets.xcassets in Resources */ = {isa = PBXBuildFile; fileRef = 72471B1225DF906B00A79912 /* Assets.xcassets */; };
		72471B1625DF906B00A79912 /* LaunchScreen.storyboard in Resources */ = {isa = PBXBuildFile; fileRef = 72471B1425DF906B00A79912 /* LaunchScreen.storyboard */; };
		72471B1925DF906B00A79912 /* main.m in Sources */ = {isa = PBXBuildFile; fileRef = 72471B1825DF906B00A79912 /* main.m */; };
		72471B2325DF906B00A79912 /* DSKeyKonwledgeTests.m in Sources */ = {isa = PBXBuildFile; fileRef = 72471B2225DF906B00A79912 /* DSKeyKonwledgeTests.m */; };
		72471B2E25DF906B00A79912 /* DSKeyKonwledgeUITests.m in Sources */ = {isa = PBXBuildFile; fileRef = 72471B2D25DF906B00A79912 /* DSKeyKonwledgeUITests.m */; };
		72471B4125DF913800A79912 /* DSMessage.m in Sources */ = {isa = PBXBuildFile; fileRef = 72471B4025DF913800A79912 /* DSMessage.m */; };
		72471B4725DF937100A79912 /* ViewController+KVO.m in Sources */ = {isa = PBXBuildFile; fileRef = 72471B4625DF937100A79912 /* ViewController+KVO.m */; };
/* End PBXBuildFile section */

/* Begin PBXContainerItemProxy section */
		72471B1F25DF906B00A79912 /* PBXContainerItemProxy */ = {
			isa = PBXContainerItemProxy;
			containerPortal = 72471AFB25DF906A00A79912 /* Project object */;
			proxyType = 1;
			remoteGlobalIDString = 72471B0225DF906A00A79912;
			remoteInfo = DSKeyKonwledge;
		};
		72471B2A25DF906B00A79912 /* PBXContainerItemProxy */ = {
			isa = PBXContainerItemProxy;
			containerPortal = 72471AFB25DF906A00A79912 /* Project object */;
			proxyType = 1;
			remoteGlobalIDString = 72471B0225DF906A00A79912;
			remoteInfo = DSKeyKonwledge;
		};
/* End PBXContainerItemProxy section */

/* Begin PBXFileReference section */
		72471B0325DF906A00A79912 /* DSKeyKonwledge.app */ = {isa = PBXFileReference; explicitFileType = wrapper.application; includeInIndex = 0; path = DSKeyKonwledge.app; sourceTree = BUILT_PRODUCTS_DIR; };
		72471B0625DF906A00A79912 /* AppDelegate.h */ = {isa = PBXFileReference; lastKnownFileType = sourcecode.c.h; path = AppDelegate.h; sourceTree = "<group>"; };
		72471B0725DF906A00A79912 /* AppDelegate.m */ = {isa = PBXFileReference; lastKnownFileType = sourcecode.c.objc; path = AppDelegate.m; sourceTree = "<group>"; };
		72471B0925DF906A00A79912 /* SceneDelegate.h */ = {isa = PBXFileReference; lastKnownFileType = sourcecode.c.h; path = SceneDelegate.h; sourceTree = "<group>"; };
		72471B0A25DF906A00A79912 /* SceneDelegate.m */ = {isa = PBXFileReference; lastKnownFileType = sourcecode.c.objc; path = SceneDelegate.m; sourceTree = "<group>"; };
		72471B0C25DF906A00A79912 /* ViewController.h */ = {isa = PBXFileReference; lastKnownFileType = sourcecode.c.h; path = ViewController.h; sourceTree = "<group>"; };
		72471B0D25DF906B00A79912 /* ViewController.m */ = {isa = PBXFileReference; lastKnownFileType = sourcecode.c.objc; path = ViewController.m; sourceTree = "<group>"; };
		72471B1025DF906B00A79912 /* Base */ = {isa = PBXFileReference; lastKnownFileType = file.storyboard; name = Base; path = Base.lproj/Main.storyboard; sourceTree = "<group>"; };
		72471B1225DF906B00A79912 /* Assets.xcassets */ = {isa = PBXFileReference; lastKnownFileType = folder.assetcatalog; path = Assets.xcassets; sourceTree = "<group>"; };
		72471B1525DF906B00A79912 /* Base */ = {isa = PBXFileReference; lastKnownFileType = file.storyboard; name = Base; path = Base.lproj/LaunchScreen.storyboard; sourceTree = "<group>"; };
		72471B1725DF906B00A79912 /* Info.plist */ = {isa = PBXFileReference; lastKnownFileType = text.plist.xml; path = Info.plist; sourceTree = "<group>"; };
		72471B1825DF906B00A79912 /* main.m */ = {isa = PBXFileReference; lastKnownFileType = sourcecode.c.objc; path = main.m; sourceTree = "<group>"; };
		72471B1E25DF906B00A79912 /* DSKeyKonwledgeTests.xctest */ = {isa = PBXFileReference; explicitFileType = wrapper.cfbundle; includeInIndex = 0; path = DSKeyKonwledgeTests.xctest; sourceTree = BUILT_PRODUCTS_DIR; };
		72471B2225DF906B00A79912 /* DSKeyKonwledgeTests.m */ = {isa = PBXFileReference; lastKnownFileType = sourcecode.c.objc; path = DSKeyKonwledgeTests.m; sourceTree = "<group>"; };
		72471B2425DF906B00A79912 /* Info.plist */ = {isa = PBXFileReference; lastKnownFileType = text.plist.xml; path = Info.plist; sourceTree = "<group>"; };
		72471B2925DF906B00A79912 /* DSKeyKonwledgeUITests.xctest */ = {isa = PBXFileReference; explicitFileType = wrapper.cfbundle; includeInIndex = 0; path = DSKeyKonwledgeUITests.xctest; sourceTree = BUILT_PRODUCTS_DIR; };
		72471B2D25DF906B00A79912 /* DSKeyKonwledgeUITests.m */ = {isa = PBXFileReference; lastKnownFileType = sourcecode.c.objc; path = DSKeyKonwledgeUITests.m; sourceTree = "<group>"; };
		72471B2F25DF906B00A79912 /* Info.plist */ = {isa = PBXFileReference; lastKnownFileType = text.plist.xml; path = Info.plist; sourceTree = "<group>"; };
		72471B3F25DF913800A79912 /* DSMessage.h */ = {isa = PBXFileReference; lastKnownFileType = sourcecode.c.h; path = DSMessage.h; sourceTree = "<group>"; };
		72471B4025DF913800A79912 /* DSMessage.m */ = {isa = PBXFileReference; lastKnownFileType = sourcecode.c.objc; path = DSMessage.m; sourceTree = "<group>"; };
		72471B4525DF937100A79912 /* ViewController+KVO.h */ = {isa = PBXFileReference; lastKnownFileType = sourcecode.c.h; path = "ViewController+KVO.h"; sourceTree = "<group>"; };
		72471B4625DF937100A79912 /* ViewController+KVO.m */ = {isa = PBXFileReference; lastKnownFileType = sourcecode.c.objc; path = "ViewController+KVO.m"; sourceTree = "<group>"; };
		72471B5525DF96B800A79912 /* NSKVONotifying_DSMessage.h */ = {isa = PBXFileReference; lastKnownFileType = sourcecode.c.h; path = NSKVONotifying_DSMessage.h; sourceTree = "<group>"; };
		72471B5625DF96B800A79912 /* NSKVONotifying_DSMessage.m */ = {isa = PBXFileReference; lastKnownFileType = sourcecode.c.objc; path = NSKVONotifying_DSMessage.m; sourceTree = "<group>"; };
		728FAB5B25F8CDBD006CDD79 /* CFPlugInCOM.h */ = {isa = PBXFileReference; lastKnownFileType = sourcecode.c.h; path = CFPlugInCOM.h; sourceTree = "<group>"; };
		728FAB5C25F8CDBD006CDD79 /* CFMachPort.h */ = {isa = PBXFileReference; lastKnownFileType = sourcecode.c.h; path = CFMachPort.h; sourceTree = "<group>"; };
		728FAB5D25F8CDBD006CDD79 /* CFDate.c */ = {isa = PBXFileReference; lastKnownFileType = sourcecode.c.c; path = CFDate.c; sourceTree = "<group>"; };
		728FAB5E25F8CDBD006CDD79 /* CFLocaleKeys.c */ = {isa = PBXFileReference; lastKnownFileType = sourcecode.c.c; path = CFLocaleKeys.c; sourceTree = "<group>"; };
		728FAB5F25F8CDBD006CDD79 /* CFBigNumber.h */ = {isa = PBXFileReference; lastKnownFileType = sourcecode.c.h; path = CFBigNumber.h; sourceTree = "<group>"; };
		728FAB6025F8CDBD006CDD79 /* CFStreamAbstract.h */ = {isa = PBXFileReference; lastKnownFileType = sourcecode.c.h; path = CFStreamAbstract.h; sourceTree = "<group>"; };
		728FAB6125F8CDBD006CDD79 /* CFURLAccess.h */ = {isa = PBXFileReference; lastKnownFileType = sourcecode.c.h; path = CFURLAccess.h; sourceTree = "<group>"; };
		728FAB6225F8CDBD006CDD79 /* CFUserNotification.h */ = {isa = PBXFileReference; lastKnownFileType = sourcecode.c.h; path = CFUserNotification.h; sourceTree = "<group>"; };
		728FAB6325F8CDBD006CDD79 /* CFCharacterSet.c */ = {isa = PBXFileReference; lastKnownFileType = sourcecode.c.c; path = CFCharacterSet.c; sourceTree = "<group>"; };
		728FAB6425F8CDBD006CDD79 /* CFStringScanner.c */ = {isa = PBXFileReference; lastKnownFileType = sourcecode.c.c; path = CFStringScanner.c; sourceTree = "<group>"; };
		728FAB6525F8CDBD006CDD79 /* CFData.h */ = {isa = PBXFileReference; lastKnownFileType = sourcecode.c.h; path = CFData.h; sourceTree = "<group>"; };
		728FAB6625F8CDBD006CDD79 /* CFStream.h */ = {isa = PBXFileReference; lastKnownFileType = sourcecode.c.h; path = CFStream.h; sourceTree = "<group>"; };
		728FAB6725F8CDBD006CDD79 /* CFURLAccess.c */ = {isa = PBXFileReference; lastKnownFileType = sourcecode.c.c; path = CFURLAccess.c; sourceTree = "<group>"; };
		728FAB6825F8CDBD006CDD79 /* CFICUConverters.h */ = {isa = PBXFileReference; lastKnownFileType = sourcecode.c.h; path = CFICUConverters.h; sourceTree = "<group>"; };
		728FAB6925F8CDBD006CDD79 /* CFCharacterSet.h */ = {isa = PBXFileReference; lastKnownFileType = sourcecode.c.h; path = CFCharacterSet.h; sourceTree = "<group>"; };
		728FAB6A25F8CDBD006CDD79 /* ForFoundationOnly.h */ = {isa = PBXFileReference; lastKnownFileType = sourcecode.c.h; path = ForFoundationOnly.h; sourceTree = "<group>"; };
		728FAB6B25F8CDBD006CDD79 /* CFUnicodeDecomposition.h */ = {isa = PBXFileReference; lastKnownFileType = sourcecode.c.h; path = CFUnicodeDecomposition.h; sourceTree = "<group>"; };
		728FAB6C25F8CDBD006CDD79 /* CFUUID.h */ = {isa = PBXFileReference; lastKnownFileType = sourcecode.c.h; path = CFUUID.h; sourceTree = "<group>"; };
		728FAB6D25F8CDBD006CDD79 /* CFSet.h */ = {isa = PBXFileReference; lastKnownFileType = sourcecode.c.h; path = CFSet.h; sourceTree = "<group>"; };
		728FAB6E25F8CDBD006CDD79 /* CFURL.h */ = {isa = PBXFileReference; lastKnownFileType = sourcecode.c.h; path = CFURL.h; sourceTree = "<group>"; };
		728FAB6F25F8CDBD006CDD79 /* CFRuntime.h */ = {isa = PBXFileReference; lastKnownFileType = sourcecode.c.h; path = CFRuntime.h; sourceTree = "<group>"; };
		728FAB7025F8CDBD006CDD79 /* CFUtilities.c */ = {isa = PBXFileReference; lastKnownFileType = sourcecode.c.c; path = CFUtilities.c; sourceTree = "<group>"; };
		728FAB7125F8CDBE006CDD79 /* CFXMLParser.h */ = {isa = PBXFileReference; lastKnownFileType = sourcecode.c.h; path = CFXMLParser.h; sourceTree = "<group>"; };
		728FAB7225F8CDBE006CDD79 /* CFNumber.c */ = {isa = PBXFileReference; lastKnownFileType = sourcecode.c.c; path = CFNumber.c; sourceTree = "<group>"; };
		728FAB7325F8CDBE006CDD79 /* CFSortFunctions.c */ = {isa = PBXFileReference; lastKnownFileType = sourcecode.c.c; path = CFSortFunctions.c; sourceTree = "<group>"; };
		728FAB7425F8CDBE006CDD79 /* CFString.h */ = {isa = PBXFileReference; lastKnownFileType = sourcecode.c.h; path = CFString.h; sourceTree = "<group>"; };
		728FAB7525F8CDBE006CDD79 /* CoreFoundation.h */ = {isa = PBXFileReference; lastKnownFileType = sourcecode.c.h; path = CoreFoundation.h; sourceTree = "<group>"; };
		728FAB7625F8CDBE006CDD79 /* CFPriv.h */ = {isa = PBXFileReference; lastKnownFileType = sourcecode.c.h; path = CFPriv.h; sourceTree = "<group>"; };
		728FAB7725F8CDBE006CDD79 /* CFStreamInternal.h */ = {isa = PBXFileReference; lastKnownFileType = sourcecode.c.h; path = CFStreamInternal.h; sourceTree = "<group>"; };
		728FAB7825F8CDBE006CDD79 /* CFStringEncodings.c */ = {isa = PBXFileReference; lastKnownFileType = sourcecode.c.c; path = CFStringEncodings.c; sourceTree = "<group>"; };
		728FAB7925F8CDBE006CDD79 /* TargetConditionals.h */ = {isa = PBXFileReference; lastKnownFileType = sourcecode.c.h; path = TargetConditionals.h; sourceTree = "<group>"; };
		728FAB7A25F8CDBE006CDD79 /* CFLocale.c */ = {isa = PBXFileReference; lastKnownFileType = sourcecode.c.c; path = CFLocale.c; sourceTree = "<group>"; };
		728FAB7B25F8CDBE006CDD79 /* CFCharacterSetPriv.h */ = {isa = PBXFileReference; lastKnownFileType = sourcecode.c.h; path = CFCharacterSetPriv.h; sourceTree = "<group>"; };
		728FAB7C25F8CDBE006CDD79 /* Makefile */ = {isa = PBXFileReference; lastKnownFileType = sourcecode.make; path = Makefile; sourceTree = "<group>"; };
		728FAB7D25F8CDBE006CDD79 /* CFArray.h */ = {isa = PBXFileReference; lastKnownFileType = sourcecode.c.h; path = CFArray.h; sourceTree = "<group>"; };
		728FAB7E25F8CDBE006CDD79 /* CFBasicHash.c */ = {isa = PBXFileReference; lastKnownFileType = sourcecode.c.c; path = CFBasicHash.c; sourceTree = "<group>"; };
		728FAB7F25F8CDBE006CDD79 /* CFBundle_Resources.c */ = {isa = PBXFileReference; lastKnownFileType = sourcecode.c.c; path = CFBundle_Resources.c; sourceTree = "<group>"; };
		728FAB8125F8CDBE006CDD79 /* plconvert.c */ = {isa = PBXFileReference; lastKnownFileType = sourcecode.c.c; path = plconvert.c; sourceTree = "<group>"; };
		728FAB8225F8CDBE006CDD79 /* CFBurstTrie.h */ = {isa = PBXFileReference; lastKnownFileType = sourcecode.c.h; path = CFBurstTrie.h; sourceTree = "<group>"; };
		728FAB8325F8CDBE006CDD79 /* CFBundle_Locale.c */ = {isa = PBXFileReference; lastKnownFileType = sourcecode.c.c; path = CFBundle_Locale.c; sourceTree = "<group>"; };
		728FAB8425F8CDBE006CDD79 /* CFArray.c */ = {isa = PBXFileReference; lastKnownFileType = sourcecode.c.c; path = CFArray.c; sourceTree = "<group>"; };
		728FAB8525F8CDBE006CDD79 /* CFLocaleIdentifier.c */ = {isa = PBXFileReference; lastKnownFileType = sourcecode.c.c; path = CFLocaleIdentifier.c; sourceTree = "<group>"; };
		728FAB8625F8CDBE006CDD79 /* CFAvailability.h */ = {isa = PBXFileReference; lastKnownFileType = sourcecode.c.h; path = CFAvailability.h; sourceTree = "<group>"; };
		728FAB8725F8CDBF006CDD79 /* CFMessagePort.h */ = {isa = PBXFileReference; lastKnownFileType = sourcecode.c.h; path = CFMessagePort.h; sourceTree = "<group>"; };
		728FAB8825F8CDBF006CDD79 /* CFStringEncodingConverter.c */ = {isa = PBXFileReference; lastKnownFileType = sourcecode.c.c; path = CFStringEncodingConverter.c; sourceTree = "<group>"; };
		728FAB8925F8CDBF006CDD79 /* CFPropertyList.h */ = {isa = PBXFileReference; lastKnownFileType = sourcecode.c.h; path = CFPropertyList.h; sourceTree = "<group>"; };
		728FAB8A25F8CDBF006CDD79 /* CFTree.h */ = {isa = PBXFileReference; lastKnownFileType = sourcecode.c.h; path = CFTree.h; sourceTree = "<group>"; };
		728FAB8B25F8CDBF006CDD79 /* CFURL.c */ = {isa = PBXFileReference; lastKnownFileType = sourcecode.c.c; path = CFURL.c; sourceTree = "<group>"; };
		728FAB8C25F8CDBF006CDD79 /* CFUUID.c */ = {isa = PBXFileReference; lastKnownFileType = sourcecode.c.c; path = CFUUID.c; sourceTree = "<group>"; };
		728FAB8D25F8CDBF006CDD79 /* CFError.c */ = {isa = PBXFileReference; lastKnownFileType = sourcecode.c.c; path = CFError.c; sourceTree = "<group>"; };
		728FAB8E25F8CDBF006CDD79 /* CoreFoundation_Prefix.h */ = {isa = PBXFileReference; lastKnownFileType = sourcecode.c.h; path = CoreFoundation_Prefix.h; sourceTree = "<group>"; };
		728FAB8F25F8CDBF006CDD79 /* CFXMLTree.c */ = {isa = PBXFileReference; lastKnownFileType = sourcecode.c.c; path = CFXMLTree.c; sourceTree = "<group>"; };
		728FAB9025F8CDBF006CDD79 /* CFXMLInputStream.c */ = {isa = PBXFileReference; lastKnownFileType = sourcecode.c.c; path = CFXMLInputStream.c; sourceTree = "<group>"; };
		728FAB9125F8CDBF006CDD79 /* CFPlatform.c */ = {isa = PBXFileReference; lastKnownFileType = sourcecode.c.c; path = CFPlatform.c; sourceTree = "<group>"; };
		728FAB9225F8CDBF006CDD79 /* CFUniChar.h */ = {isa = PBXFileReference; lastKnownFileType = sourcecode.c.h; path = CFUniChar.h; sourceTree = "<group>"; };
		728FAB9325F8CDBF006CDD79 /* CFFileUtilities.c */ = {isa = PBXFileReference; lastKnownFileType = sourcecode.c.c; path = CFFileUtilities.c; sourceTree = "<group>"; };
		728FAB9425F8CDBF006CDD79 /* MakefileVersion */ = {isa = PBXFileReference; lastKnownFileType = text; path = MakefileVersion; sourceTree = "<group>"; };
		728FAB9525F8CDBF006CDD79 /* CFBigNumber.c */ = {isa = PBXFileReference; lastKnownFileType = sourcecode.c.c; path = CFBigNumber.c; sourceTree = "<group>"; };
		728FAB9625F8CDBF006CDD79 /* CFBitVector.c */ = {isa = PBXFileReference; lastKnownFileType = sourcecode.c.c; path = CFBitVector.c; sourceTree = "<group>"; };
		728FAB9725F8CDBF006CDD79 /* CFBag.c */ = {isa = PBXFileReference; lastKnownFileType = sourcecode.c.c; path = CFBag.c; sourceTree = "<group>"; };
		728FAB9825F8CDBF006CDD79 /* CFApplicationPreferences.c */ = {isa = PBXFileReference; lastKnownFileType = sourcecode.c.c; path = CFApplicationPreferences.c; sourceTree = "<group>"; };
		728FAB9925F8CDBF006CDD79 /* CFCalendar.h */ = {isa = PBXFileReference; lastKnownFileType = sourcecode.c.h; path = CFCalendar.h; sourceTree = "<group>"; };
		728FAB9A25F8CDBF006CDD79 /* APPLE_LICENSE */ = {isa = PBXFileReference; lastKnownFileType = text; path = APPLE_LICENSE; sourceTree = "<group>"; };
		728FAB9B25F8CDBF006CDD79 /* CFDate.h */ = {isa = PBXFileReference; lastKnownFileType = sourcecode.c.h; path = CFDate.h; sourceTree = "<group>"; };
		728FAB9C25F8CDBF006CDD79 /* CFUserNotification.c */ = {isa = PBXFileReference; lastKnownFileType = sourcecode.c.c; path = CFUserNotification.c; sourceTree = "<group>"; };
		728FAB9D25F8CDBF006CDD79 /* CFStorage.c */ = {isa = PBXFileReference; lastKnownFileType = sourcecode.c.c; path = CFStorage.c; sourceTree = "<group>"; };
		728FAB9E25F8CDC0006CDD79 /* CFXMLNode.c */ = {isa = PBXFileReference; lastKnownFileType = sourcecode.c.c; path = CFXMLNode.c; sourceTree = "<group>"; };
		728FAB9F25F8CDC0006CDD79 /* PropertyList.dtd */ = {isa = PBXFileReference; lastKnownFileType = text.xml; path = PropertyList.dtd; sourceTree = "<group>"; };
		728FABA025F8CDC0006CDD79 /* CFStringEncodingExt.h */ = {isa = PBXFileReference; lastKnownFileType = sourcecode.c.h; path = CFStringEncodingExt.h; sourceTree = "<group>"; };
		728FABA125F8CDC0006CDD79 /* CFInternal.h */ = {isa = PBXFileReference; lastKnownFileType = sourcecode.c.h; path = CFInternal.h; sourceTree = "<group>"; };
		728FABA225F8CDC0006CDD79 /* CFDictionary.h */ = {isa = PBXFileReference; lastKnownFileType = sourcecode.c.h; path = CFDictionary.h; sourceTree = "<group>"; };
		728FABA325F8CDC0006CDD79 /* CFStringEncodingDatabase.c */ = {isa = PBXFileReference; lastKnownFileType = sourcecode.c.c; path = CFStringEncodingDatabase.c; sourceTree = "<group>"; };
		728FABA425F8CDC0006CDD79 /* CFCalendar.c */ = {isa = PBXFileReference; lastKnownFileType = sourcecode.c.c; path = CFCalendar.c; sourceTree = "<group>"; };
		728FABA525F8CDC0006CDD79 /* CFUtilities.h */ = {isa = PBXFileReference; lastKnownFileType = sourcecode.c.h; path = CFUtilities.h; sourceTree = "<group>"; };
		728FABA625F8CDC0006CDD79 /* CFPropertyList.c */ = {isa = PBXFileReference; lastKnownFileType = sourcecode.c.c; path = CFPropertyList.c; sourceTree = "<group>"; };
		728FABA725F8CDC0006CDD79 /* CFBinaryPList.c */ = {isa = PBXFileReference; lastKnownFileType = sourcecode.c.c; path = CFBinaryPList.c; sourceTree = "<group>"; };
		728FABA825F8CDC0006CDD79 /* CFBag.h */ = {isa = PBXFileReference; lastKnownFileType = sourcecode.c.h; path = CFBag.h; sourceTree = "<group>"; };
		728FABA925F8CDC0006CDD79 /* CFStringDefaultEncoding.h */ = {isa = PBXFileReference; lastKnownFileType = sourcecode.c.h; path = CFStringDefaultEncoding.h; sourceTree = "<group>"; };
		728FABAA25F8CDC0006CDD79 /* CFTimeZone.c */ = {isa = PBXFileReference; lastKnownFileType = sourcecode.c.c; path = CFTimeZone.c; sourceTree = "<group>"; };
		728FABAB25F8CDC0006CDD79 /* CFDateFormatter.c */ = {isa = PBXFileReference; lastKnownFileType = sourcecode.c.c; path = CFDateFormatter.c; sourceTree = "<group>"; };
		728FABAC25F8CDC0006CDD79 /* CFICULogging.h */ = {isa = PBXFileReference; lastKnownFileType = sourcecode.c.h; path = CFICULogging.h; sourceTree = "<group>"; };
		728FABAD25F8CDC0006CDD79 /* CFTimeZone.h */ = {isa = PBXFileReference; lastKnownFileType = sourcecode.c.h; path = CFTimeZone.h; sourceTree = "<group>"; };
		728FABAE25F8CDC0006CDD79 /* CFPlatformConverters.c */ = {isa = PBXFileReference; lastKnownFileType = sourcecode.c.c; path = CFPlatformConverters.c; sourceTree = "<group>"; };
		728FABAF25F8CDC0006CDD79 /* CFOldStylePList.c */ = {isa = PBXFileReference; lastKnownFileType = sourcecode.c.c; path = CFOldStylePList.c; sourceTree = "<group>"; };
		728FABB025F8CDC0006CDD79 /* CFStream.c */ = {isa = PBXFileReference; lastKnownFileType = sourcecode.c.c; path = CFStream.c; sourceTree = "<group>"; };
		728FABB125F8CDC0006CDD79 /* CFDateFormatter.h */ = {isa = PBXFileReference; lastKnownFileType = sourcecode.c.h; path = CFDateFormatter.h; sourceTree = "<group>"; };
		728FABB225F8CDC0006CDD79 /* CFBundle_Binary.c */ = {isa = PBXFileReference; lastKnownFileType = sourcecode.c.c; path = CFBundle_Binary.c; sourceTree = "<group>"; };
		728FABB325F8CDC0006CDD79 /* CFBinaryHeap.h */ = {isa = PBXFileReference; lastKnownFileType = sourcecode.c.h; path = CFBinaryHeap.h; sourceTree = "<group>"; };
		728FABB425F8CDC1006CDD79 /* CFRunLoop.h */ = {isa = PBXFileReference; lastKnownFileType = sourcecode.c.h; path = CFRunLoop.h; sourceTree = "<group>"; };
		728FABB525F8CDC1006CDD79 /* CFICUConverters.c */ = {isa = PBXFileReference; lastKnownFileType = sourcecode.c.c; path = CFICUConverters.c; sourceTree = "<group>"; };
		728FABB625F8CDC1006CDD79 /* CFBase.c */ = {isa = PBXFileReference; lastKnownFileType = sourcecode.c.c; path = CFBase.c; sourceTree = "<group>"; };
		728FABB725F8CDC1006CDD79 /* CFError_Private.h */ = {isa = PBXFileReference; lastKnownFileType = sourcecode.c.h; path = CFError_Private.h; sourceTree = "<group>"; };
		728FABB825F8CDC1006CDD79 /* CFBurstTrie.c */ = {isa = PBXFileReference; lastKnownFileType = sourcecode.c.c; path = CFBurstTrie.c; sourceTree = "<group>"; };
		728FABB925F8CDC1006CDD79 /* CFUnicodePrecomposition.h */ = {isa = PBXFileReference; lastKnownFileType = sourcecode.c.h; path = CFUnicodePrecomposition.h; sourceTree = "<group>"; };
		728FABBA25F8CDC1006CDD79 /* CFData.c */ = {isa = PBXFileReference; lastKnownFileType = sourcecode.c.c; path = CFData.c; sourceTree = "<group>"; };
		728FABBB25F8CDC1006CDD79 /* CFURLPriv.h */ = {isa = PBXFileReference; lastKnownFileType = sourcecode.c.h; path = CFURLPriv.h; sourceTree = "<group>"; };
		728FABBC25F8CDC1006CDD79 /* CFTree.c */ = {isa = PBXFileReference; lastKnownFileType = sourcecode.c.c; path = CFTree.c; sourceTree = "<group>"; };
		728FABBD25F8CDC1006CDD79 /* CFUnicodeDecomposition.c */ = {isa = PBXFileReference; lastKnownFileType = sourcecode.c.c; path = CFUnicodeDecomposition.c; sourceTree = "<group>"; };
		728FABBE25F8CDC1006CDD79 /* CFXMLInputStream.h */ = {isa = PBXFileReference; lastKnownFileType = sourcecode.c.h; path = CFXMLInputStream.h; sourceTree = "<group>"; };
		728FABBF25F8CDC1006CDD79 /* CFUniCharPropertyDatabase.data */ = {isa = PBXFileReference; lastKnownFileType = file; path = CFUniCharPropertyDatabase.data; sourceTree = "<group>"; };
		728FABC025F8CDC1006CDD79 /* CFPlugIn.c */ = {isa = PBXFileReference; lastKnownFileType = sourcecode.c.c; path = CFPlugIn.c; sourceTree = "<group>"; };
		728FABC125F8CDC1006CDD79 /* CFLogUtilities.h */ = {isa = PBXFileReference; lastKnownFileType = sourcecode.c.h; path = CFLogUtilities.h; sourceTree = "<group>"; };
		728FABC225F8CDC1006CDD79 /* CFVersion.c */ = {isa = PBXFileReference; lastKnownFileType = sourcecode.c.c; path = CFVersion.c; sourceTree = "<group>"; };
		728FABC325F8CDC1006CDD79 /* CFBundle.c */ = {isa = PBXFileReference; lastKnownFileType = sourcecode.c.c; path = CFBundle.c; sourceTree = "<group>"; };
		728FABC425F8CDC1006CDD79 /* CFPlugIn_PlugIn.c */ = {isa = PBXFileReference; lastKnownFileType = sourcecode.c.c; path = CFPlugIn_PlugIn.c; sourceTree = "<group>"; };
		728FABC525F8CDC1006CDD79 /* CFPlugIn_Factory.h */ = {isa = PBXFileReference; lastKnownFileType = sourcecode.c.h; path = CFPlugIn_Factory.h; sourceTree = "<group>"; };
		728FABC625F8CDC1006CDD79 /* CFDictionary.c */ = {isa = PBXFileReference; lastKnownFileType = sourcecode.c.c; path = CFDictionary.c; sourceTree = "<group>"; };
		728FABC725F8CDC1006CDD79 /* CFStorage.h */ = {isa = PBXFileReference; lastKnownFileType = sourcecode.c.h; path = CFStorage.h; sourceTree = "<group>"; };
		728FABC825F8CDC1006CDD79 /* CFBundle.h */ = {isa = PBXFileReference; lastKnownFileType = sourcecode.c.h; path = CFBundle.h; sourceTree = "<group>"; };
		728FABC925F8CDC1006CDD79 /* CFStringEncodingConverter.h */ = {isa = PBXFileReference; lastKnownFileType = sourcecode.c.h; path = CFStringEncodingConverter.h; sourceTree = "<group>"; };
		728FABCA25F8CDC1006CDD79 /* CFSystemDirectories.c */ = {isa = PBXFileReference; lastKnownFileType = sourcecode.c.c; path = CFSystemDirectories.c; sourceTree = "<group>"; };
		728FABCB25F8CDC2006CDD79 /* CFStringEncodingConverterPriv.h */ = {isa = PBXFileReference; lastKnownFileType = sourcecode.c.h; path = CFStringEncodingConverterPriv.h; sourceTree = "<group>"; };
		728FABCC25F8CDC2006CDD79 /* CFSocket.c */ = {isa = PBXFileReference; lastKnownFileType = sourcecode.c.c; path = CFSocket.c; sourceTree = "<group>"; };
		728FABCD25F8CDC2006CDD79 /* CFPlugIn.h */ = {isa = PBXFileReference; lastKnownFileType = sourcecode.c.h; path = CFPlugIn.h; sourceTree = "<group>"; };
		728FABCE25F8CDC2006CDD79 /* CFStringEncodingConverterExt.h */ = {isa = PBXFileReference; lastKnownFileType = sourcecode.c.h; path = CFStringEncodingConverterExt.h; sourceTree = "<group>"; };
		728FABCF25F8CDC2006CDD79 /* Info.plist */ = {isa = PBXFileReference; lastKnownFileType = text.plist.xml; path = Info.plist; sourceTree = "<group>"; };
		728FABD025F8CDC2006CDD79 /* CFURL.inc.h */ = {isa = PBXFileReference; lastKnownFileType = sourcecode.c.h; path = CFURL.inc.h; sourceTree = "<group>"; };
		728FABD125F8CDC2006CDD79 /* CFNumberFormatter.h */ = {isa = PBXFileReference; lastKnownFileType = sourcecode.c.h; path = CFNumberFormatter.h; sourceTree = "<group>"; };
		728FABD225F8CDC2006CDD79 /* CFLocale.h */ = {isa = PBXFileReference; lastKnownFileType = sourcecode.c.h; path = CFLocale.h; sourceTree = "<group>"; };
		728FABD325F8CDC2006CDD79 /* CFBasicHashFindBucket.m */ = {isa = PBXFileReference; lastKnownFileType = sourcecode.c.objc; path = CFBasicHashFindBucket.m; sourceTree = "<group>"; };
		728FABD425F8CDC2006CDD79 /* CFBasicHash.h */ = {isa = PBXFileReference; lastKnownFileType = sourcecode.c.h; path = CFBasicHash.h; sourceTree = "<group>"; };
		728FABD525F8CDC2006CDD79 /* CFXMLNode.h */ = {isa = PBXFileReference; lastKnownFileType = sourcecode.c.h; path = CFXMLNode.h; sourceTree = "<group>"; };
		728FABD625F8CDC2006CDD79 /* CFRunLoop.c */ = {isa = PBXFileReference; lastKnownFileType = sourcecode.c.c; path = CFRunLoop.c; sourceTree = "<group>"; };
		728FABD725F8CDC2006CDD79 /* README_CFLITE */ = {isa = PBXFileReference; lastKnownFileType = text; path = README_CFLITE; sourceTree = "<group>"; };
		728FABD825F8CDC2006CDD79 /* CFBundlePriv.h */ = {isa = PBXFileReference; lastKnownFileType = sourcecode.c.h; path = CFBundlePriv.h; sourceTree = "<group>"; };
		728FABD925F8CDC2006CDD79 /* CFByteOrder.h */ = {isa = PBXFileReference; lastKnownFileType = sourcecode.c.h; path = CFByteOrder.h; sourceTree = "<group>"; };
		728FABDA25F8CDC2006CDD79 /* CFPreferences.c */ = {isa = PBXFileReference; lastKnownFileType = sourcecode.c.c; path = CFPreferences.c; sourceTree = "<group>"; };
		728FABDB25F8CDC2006CDD79 /* CFStringEncodingDatabase.h */ = {isa = PBXFileReference; lastKnownFileType = sourcecode.c.h; path = CFStringEncodingDatabase.h; sourceTree = "<group>"; };
		728FABDC25F8CDC2006CDD79 /* SymbolAliases */ = {isa = PBXFileReference; lastKnownFileType = text; path = SymbolAliases; sourceTree = "<group>"; };
		728FABDD25F8CDC2006CDD79 /* plconvert.c */ = {isa = PBXFileReference; lastKnownFileType = sourcecode.c.c; path = plconvert.c; sourceTree = "<group>"; };
		728FABDE25F8CDC2006CDD79 /* CFSocketStream.c */ = {isa = PBXFileReference; lastKnownFileType = sourcecode.c.c; path = CFSocketStream.c; sourceTree = "<group>"; };
		728FABDF25F8CDC2006CDD79 /* CFLocaleInternal.h */ = {isa = PBXFileReference; lastKnownFileType = sourcecode.c.h; path = CFLocaleInternal.h; sourceTree = "<group>"; };
		728FABE025F8CDC3006CDD79 /* CFSocket.h */ = {isa = PBXFileReference; lastKnownFileType = sourcecode.c.h; path = CFSocket.h; sourceTree = "<group>"; };
		728FABE125F8CDC3006CDD79 /* CFConcreteStreams.c */ = {isa = PBXFileReference; lastKnownFileType = sourcecode.c.c; path = CFConcreteStreams.c; sourceTree = "<group>"; };
		728FABE225F8CDC3006CDD79 /* CFSet.c */ = {isa = PBXFileReference; lastKnownFileType = sourcecode.c.c; path = CFSet.c; sourceTree = "<group>"; };
		728FABE325F8CDC3006CDD79 /* CFBitVector.h */ = {isa = PBXFileReference; lastKnownFileType = sourcecode.c.h; path = CFBitVector.h; sourceTree = "<group>"; };
		728FABE425F8CDC3006CDD79 /* CFBundle_BinaryTypes.h */ = {isa = PBXFileReference; lastKnownFileType = sourcecode.c.h; path = CFBundle_BinaryTypes.h; sourceTree = "<group>"; };
		728FABE525F8CDC3006CDD79 /* CFRuntime.c */ = {isa = PBXFileReference; lastKnownFileType = sourcecode.c.c; path = CFRuntime.c; sourceTree = "<group>"; };
		728FABE625F8CDC3006CDD79 /* CFStringUtilities.c */ = {isa = PBXFileReference; lastKnownFileType = sourcecode.c.c; path = CFStringUtilities.c; sourceTree = "<group>"; };
		728FABE725F8CDC3006CDD79 /* CFUniChar.c */ = {isa = PBXFileReference; lastKnownFileType = sourcecode.c.c; path = CFUniChar.c; sourceTree = "<group>"; };
		728FABE825F8CDC3006CDD79 /* CFUniCharPriv.h */ = {isa = PBXFileReference; lastKnownFileType = sourcecode.c.h; path = CFUniCharPriv.h; sourceTree = "<group>"; };
		728FABE925F8CDC3006CDD79 /* CFUnicodeData-B.mapping */ = {isa = PBXFileReference; lastKnownFileType = file; path = "CFUnicodeData-B.mapping"; sourceTree = "<group>"; };
		728FABEA25F8CDC3006CDD79 /* CFBase.h */ = {isa = PBXFileReference; lastKnownFileType = sourcecode.c.h; path = CFBase.h; sourceTree = "<group>"; };
		728FABEB25F8CDC3006CDD79 /* CFBundle_Strings.c */ = {isa = PBXFileReference; lastKnownFileType = sourcecode.c.c; path = CFBundle_Strings.c; sourceTree = "<group>"; };
		728FABEC25F8CDC3006CDD79 /* CFBundle_Internal.h */ = {isa = PBXFileReference; lastKnownFileType = sourcecode.c.h; path = CFBundle_Internal.h; sourceTree = "<group>"; };
		728FABED25F8CDC3006CDD79 /* CFMessagePort.c */ = {isa = PBXFileReference; lastKnownFileType = sourcecode.c.c; path = CFMessagePort.c; sourceTree = "<group>"; };
		728FABEE25F8CDC3006CDD79 /* CFPlugIn_Factory.c */ = {isa = PBXFileReference; lastKnownFileType = sourcecode.c.c; path = CFPlugIn_Factory.c; sourceTree = "<group>"; };
		728FABEF25F8CDC3006CDD79 /* CFWindowsUtilities.c */ = {isa = PBXFileReference; lastKnownFileType = sourcecode.c.c; path = CFWindowsUtilities.c; sourceTree = "<group>"; };
		728FABF025F8CDC3006CDD79 /* CFBinaryHeap.c */ = {isa = PBXFileReference; lastKnownFileType = sourcecode.c.c; path = CFBinaryHeap.c; sourceTree = "<group>"; };
		728FABF125F8CDC3006CDD79 /* CFCharacterSetBitmaps.bitmap */ = {isa = PBXFileReference; lastKnownFileType = file; path = CFCharacterSetBitmaps.bitmap; sourceTree = "<group>"; };
		728FABF225F8CDC3006CDD79 /* CFBundle_InfoPlist.c */ = {isa = PBXFileReference; lastKnownFileType = sourcecode.c.c; path = CFBundle_InfoPlist.c; sourceTree = "<group>"; };
		728FABF325F8CDC3006CDD79 /* CFString.c */ = {isa = PBXFileReference; lastKnownFileType = sourcecode.c.c; path = CFString.c; sourceTree = "<group>"; };
		728FABF425F8CDC3006CDD79 /* CFUnicodeData-L.mapping */ = {isa = PBXFileReference; lastKnownFileType = file; path = "CFUnicodeData-L.mapping"; sourceTree = "<group>"; };
		728FABF525F8CDC4006CDD79 /* CFBundle_Grok.c */ = {isa = PBXFileReference; lastKnownFileType = sourcecode.c.c; path = CFBundle_Grok.c; sourceTree = "<group>"; };
		728FABF625F8CDC4006CDD79 /* CFPreferences.h */ = {isa = PBXFileReference; lastKnownFileType = sourcecode.c.h; path = CFPreferences.h; sourceTree = "<group>"; };
		728FABF725F8CDC4006CDD79 /* CFXMLPreferencesDomain.c */ = {isa = PBXFileReference; lastKnownFileType = sourcecode.c.c; path = CFXMLPreferencesDomain.c; sourceTree = "<group>"; };
		728FABF825F8CDC4006CDD79 /* MakefileLinux */ = {isa = PBXFileReference; lastKnownFileType = text; path = MakefileLinux; sourceTree = "<group>"; };
		728FABF925F8CDC4006CDD79 /* CFBuiltinConverters.c */ = {isa = PBXFileReference; lastKnownFileType = sourcecode.c.c; path = CFBuiltinConverters.c; sourceTree = "<group>"; };
		728FABFA25F8CDC4006CDD79 /* CFNumberFormatter.c */ = {isa = PBXFileReference; lastKnownFileType = sourcecode.c.c; path = CFNumberFormatter.c; sourceTree = "<group>"; };
		728FABFB25F8CDC4006CDD79 /* CFPlugIn_Instance.c */ = {isa = PBXFileReference; lastKnownFileType = sourcecode.c.c; path = CFPlugIn_Instance.c; sourceTree = "<group>"; };
		728FABFC25F8CDC4006CDD79 /* CFError.h */ = {isa = PBXFileReference; lastKnownFileType = sourcecode.c.h; path = CFError.h; sourceTree = "<group>"; };
		728FABFD25F8CDC4006CDD79 /* CFXMLParser.c */ = {isa = PBXFileReference; lastKnownFileType = sourcecode.c.c; path = CFXMLParser.c; sourceTree = "<group>"; };
		728FABFE25F8CDC4006CDD79 /* CFUnicodePrecomposition.c */ = {isa = PBXFileReference; lastKnownFileType = sourcecode.c.c; path = CFUnicodePrecomposition.c; sourceTree = "<group>"; };
		728FABFF25F8CDC4006CDD79 /* CFMachPort.c */ = {isa = PBXFileReference; lastKnownFileType = sourcecode.c.c; path = CFMachPort.c; sourceTree = "<group>"; };
		728FAC0025F8CDC4006CDD79 /* CFNumber.h */ = {isa = PBXFileReference; lastKnownFileType = sourcecode.c.h; path = CFNumber.h; sourceTree = "<group>"; };
		728FAC0125F8CDC4006CDD79 /* CFStreamPriv.h */ = {isa = PBXFileReference; lastKnownFileType = sourcecode.c.h; path = CFStreamPriv.h; sourceTree = "<group>"; };
/* End PBXFileReference section */

/* Begin PBXFrameworksBuildPhase section */
		72471B0025DF906A00A79912 /* Frameworks */ = {
			isa = PBXFrameworksBuildPhase;
			buildActionMask = 2147483647;
			files = (
			);
			runOnlyForDeploymentPostprocessing = 0;
		};
		72471B1B25DF906B00A79912 /* Frameworks */ = {
			isa = PBXFrameworksBuildPhase;
			buildActionMask = 2147483647;
			files = (
			);
			runOnlyForDeploymentPostprocessing = 0;
		};
		72471B2625DF906B00A79912 /* Frameworks */ = {
			isa = PBXFrameworksBuildPhase;
			buildActionMask = 2147483647;
			files = (
			);
			runOnlyForDeploymentPostprocessing = 0;
		};
/* End PBXFrameworksBuildPhase section */

/* Begin PBXGroup section */
		72471AFA25DF906A00A79912 = {
			isa = PBXGroup;
			children = (
				72471B0525DF906A00A79912 /* DSKeyKonwledge */,
				72471B2125DF906B00A79912 /* DSKeyKonwledgeTests */,
				72471B2C25DF906B00A79912 /* DSKeyKonwledgeUITests */,
				72471B0425DF906A00A79912 /* Products */,
			);
			sourceTree = "<group>";
		};
		72471B0425DF906A00A79912 /* Products */ = {
			isa = PBXGroup;
			children = (
				72471B0325DF906A00A79912 /* DSKeyKonwledge.app */,
				72471B1E25DF906B00A79912 /* DSKeyKonwledgeTests.xctest */,
				72471B2925DF906B00A79912 /* DSKeyKonwledgeUITests.xctest */,
			);
			name = Products;
			sourceTree = "<group>";
		};
		72471B0525DF906A00A79912 /* DSKeyKonwledge */ = {
			isa = PBXGroup;
			children = (
				728FAB5A25F8CD8B006CDD79 /* RunLoop源码 */,
				72471B3E25DF90F000A79912 /* KVO */,
				72471B0625DF906A00A79912 /* AppDelegate.h */,
				72471B0725DF906A00A79912 /* AppDelegate.m */,
				72471B0925DF906A00A79912 /* SceneDelegate.h */,
				72471B0A25DF906A00A79912 /* SceneDelegate.m */,
				72471B0C25DF906A00A79912 /* ViewController.h */,
				72471B0D25DF906B00A79912 /* ViewController.m */,
				72471B4E25DF93A000A79912 /* Classes */,
				72471B0F25DF906B00A79912 /* Main.storyboard */,
				72471B1225DF906B00A79912 /* Assets.xcassets */,
				72471B1425DF906B00A79912 /* LaunchScreen.storyboard */,
				72471B1725DF906B00A79912 /* Info.plist */,
				72471B1825DF906B00A79912 /* main.m */,
			);
			path = DSKeyKonwledge;
			sourceTree = "<group>";
		};
		72471B2125DF906B00A79912 /* DSKeyKonwledgeTests */ = {
			isa = PBXGroup;
			children = (
				72471B2225DF906B00A79912 /* DSKeyKonwledgeTests.m */,
				72471B2425DF906B00A79912 /* Info.plist */,
			);
			path = DSKeyKonwledgeTests;
			sourceTree = "<group>";
		};
		72471B2C25DF906B00A79912 /* DSKeyKonwledgeUITests */ = {
			isa = PBXGroup;
			children = (
				72471B2D25DF906B00A79912 /* DSKeyKonwledgeUITests.m */,
				72471B2F25DF906B00A79912 /* Info.plist */,
			);
			path = DSKeyKonwledgeUITests;
			sourceTree = "<group>";
		};
		72471B3E25DF90F000A79912 /* KVO */ = {
			isa = PBXGroup;
			children = (
				72471B3F25DF913800A79912 /* DSMessage.h */,
				72471B4025DF913800A79912 /* DSMessage.m */,
				72471B5525DF96B800A79912 /* NSKVONotifying_DSMessage.h */,
				72471B5625DF96B800A79912 /* NSKVONotifying_DSMessage.m */,
			);
			path = KVO;
			sourceTree = "<group>";
		};
		72471B4E25DF93A000A79912 /* Classes */ = {
			isa = PBXGroup;
			children = (
				72471B4525DF937100A79912 /* ViewController+KVO.h */,
				72471B4625DF937100A79912 /* ViewController+KVO.m */,
			);
			path = Classes;
			sourceTree = "<group>";
		};
		728FAB5A25F8CD8B006CDD79 /* RunLoop源码 */ = {
			isa = PBXGroup;
			children = (
				728FAB9A25F8CDBF006CDD79 /* APPLE_LICENSE */,
				728FAB9825F8CDBF006CDD79 /* CFApplicationPreferences.c */,
				728FAB8425F8CDBE006CDD79 /* CFArray.c */,
				728FAB7D25F8CDBE006CDD79 /* CFArray.h */,
				728FAB8625F8CDBE006CDD79 /* CFAvailability.h */,
				728FAB9725F8CDBF006CDD79 /* CFBag.c */,
				728FABA825F8CDC0006CDD79 /* CFBag.h */,
				728FABB625F8CDC1006CDD79 /* CFBase.c */,
				728FABEA25F8CDC3006CDD79 /* CFBase.h */,
				728FAB7E25F8CDBE006CDD79 /* CFBasicHash.c */,
				728FABD425F8CDC2006CDD79 /* CFBasicHash.h */,
				728FABD325F8CDC2006CDD79 /* CFBasicHashFindBucket.m */,
				728FAB9525F8CDBF006CDD79 /* CFBigNumber.c */,
				728FAB5F25F8CDBD006CDD79 /* CFBigNumber.h */,
				728FABF025F8CDC3006CDD79 /* CFBinaryHeap.c */,
				728FABB325F8CDC0006CDD79 /* CFBinaryHeap.h */,
				728FABA725F8CDC0006CDD79 /* CFBinaryPList.c */,
				728FAB9625F8CDBF006CDD79 /* CFBitVector.c */,
				728FABE325F8CDC3006CDD79 /* CFBitVector.h */,
				728FABF925F8CDC4006CDD79 /* CFBuiltinConverters.c */,
				728FABB225F8CDC0006CDD79 /* CFBundle_Binary.c */,
				728FABE425F8CDC3006CDD79 /* CFBundle_BinaryTypes.h */,
				728FABF525F8CDC4006CDD79 /* CFBundle_Grok.c */,
				728FABF225F8CDC3006CDD79 /* CFBundle_InfoPlist.c */,
				728FABEC25F8CDC3006CDD79 /* CFBundle_Internal.h */,
				728FAB8325F8CDBE006CDD79 /* CFBundle_Locale.c */,
				728FAB7F25F8CDBE006CDD79 /* CFBundle_Resources.c */,
				728FABEB25F8CDC3006CDD79 /* CFBundle_Strings.c */,
				728FABC325F8CDC1006CDD79 /* CFBundle.c */,
				728FABC825F8CDC1006CDD79 /* CFBundle.h */,
				728FABD825F8CDC2006CDD79 /* CFBundlePriv.h */,
				728FABB825F8CDC1006CDD79 /* CFBurstTrie.c */,
				728FAB8225F8CDBE006CDD79 /* CFBurstTrie.h */,
				728FABD925F8CDC2006CDD79 /* CFByteOrder.h */,
				728FABA425F8CDC0006CDD79 /* CFCalendar.c */,
				728FAB9925F8CDBF006CDD79 /* CFCalendar.h */,
				728FAB6325F8CDBD006CDD79 /* CFCharacterSet.c */,
				728FAB6925F8CDBD006CDD79 /* CFCharacterSet.h */,
				728FABF125F8CDC3006CDD79 /* CFCharacterSetBitmaps.bitmap */,
				728FAB7B25F8CDBE006CDD79 /* CFCharacterSetPriv.h */,
				728FABE125F8CDC3006CDD79 /* CFConcreteStreams.c */,
				728FABBA25F8CDC1006CDD79 /* CFData.c */,
				728FAB6525F8CDBD006CDD79 /* CFData.h */,
				728FAB5D25F8CDBD006CDD79 /* CFDate.c */,
				728FAB9B25F8CDBF006CDD79 /* CFDate.h */,
				728FABAB25F8CDC0006CDD79 /* CFDateFormatter.c */,
				728FABB125F8CDC0006CDD79 /* CFDateFormatter.h */,
				728FABC625F8CDC1006CDD79 /* CFDictionary.c */,
				728FABA225F8CDC0006CDD79 /* CFDictionary.h */,
				728FABB725F8CDC1006CDD79 /* CFError_Private.h */,
				728FAB8D25F8CDBF006CDD79 /* CFError.c */,
				728FABFC25F8CDC4006CDD79 /* CFError.h */,
				728FAB9325F8CDBF006CDD79 /* CFFileUtilities.c */,
				728FABB525F8CDC1006CDD79 /* CFICUConverters.c */,
				728FAB6825F8CDBD006CDD79 /* CFICUConverters.h */,
				728FABAC25F8CDC0006CDD79 /* CFICULogging.h */,
				728FABA125F8CDC0006CDD79 /* CFInternal.h */,
				728FAB7A25F8CDBE006CDD79 /* CFLocale.c */,
				728FABD225F8CDC2006CDD79 /* CFLocale.h */,
				728FAB8525F8CDBE006CDD79 /* CFLocaleIdentifier.c */,
				728FABDF25F8CDC2006CDD79 /* CFLocaleInternal.h */,
				728FAB5E25F8CDBD006CDD79 /* CFLocaleKeys.c */,
				728FABC125F8CDC1006CDD79 /* CFLogUtilities.h */,
				728FABFF25F8CDC4006CDD79 /* CFMachPort.c */,
				728FAB5C25F8CDBD006CDD79 /* CFMachPort.h */,
				728FABED25F8CDC3006CDD79 /* CFMessagePort.c */,
				728FAB8725F8CDBF006CDD79 /* CFMessagePort.h */,
				728FAB7225F8CDBE006CDD79 /* CFNumber.c */,
				728FAC0025F8CDC4006CDD79 /* CFNumber.h */,
				728FABFA25F8CDC4006CDD79 /* CFNumberFormatter.c */,
				728FABD125F8CDC2006CDD79 /* CFNumberFormatter.h */,
				728FABAF25F8CDC0006CDD79 /* CFOldStylePList.c */,
				728FAB9125F8CDBF006CDD79 /* CFPlatform.c */,
				728FABAE25F8CDC0006CDD79 /* CFPlatformConverters.c */,
				728FABEE25F8CDC3006CDD79 /* CFPlugIn_Factory.c */,
				728FABC525F8CDC1006CDD79 /* CFPlugIn_Factory.h */,
				728FABFB25F8CDC4006CDD79 /* CFPlugIn_Instance.c */,
				728FABC425F8CDC1006CDD79 /* CFPlugIn_PlugIn.c */,
				728FABC025F8CDC1006CDD79 /* CFPlugIn.c */,
				728FABCD25F8CDC2006CDD79 /* CFPlugIn.h */,
				728FAB5B25F8CDBD006CDD79 /* CFPlugInCOM.h */,
				728FABDA25F8CDC2006CDD79 /* CFPreferences.c */,
				728FABF625F8CDC4006CDD79 /* CFPreferences.h */,
				728FAB7625F8CDBE006CDD79 /* CFPriv.h */,
				728FABA625F8CDC0006CDD79 /* CFPropertyList.c */,
				728FAB8925F8CDBF006CDD79 /* CFPropertyList.h */,
				728FABD625F8CDC2006CDD79 /* CFRunLoop.c */,
				728FABB425F8CDC1006CDD79 /* CFRunLoop.h */,
				728FABE525F8CDC3006CDD79 /* CFRuntime.c */,
				728FAB6F25F8CDBD006CDD79 /* CFRuntime.h */,
				728FABE225F8CDC3006CDD79 /* CFSet.c */,
				728FAB6D25F8CDBD006CDD79 /* CFSet.h */,
				728FABCC25F8CDC2006CDD79 /* CFSocket.c */,
				728FABE025F8CDC3006CDD79 /* CFSocket.h */,
				728FABDE25F8CDC2006CDD79 /* CFSocketStream.c */,
				728FAB7325F8CDBE006CDD79 /* CFSortFunctions.c */,
				728FAB9D25F8CDBF006CDD79 /* CFStorage.c */,
				728FABC725F8CDC1006CDD79 /* CFStorage.h */,
				728FABB025F8CDC0006CDD79 /* CFStream.c */,
				728FAB6625F8CDBD006CDD79 /* CFStream.h */,
				728FAB6025F8CDBD006CDD79 /* CFStreamAbstract.h */,
				728FAB7725F8CDBE006CDD79 /* CFStreamInternal.h */,
				728FAC0125F8CDC4006CDD79 /* CFStreamPriv.h */,
				728FABF325F8CDC3006CDD79 /* CFString.c */,
				728FAB7425F8CDBE006CDD79 /* CFString.h */,
				728FABA925F8CDC0006CDD79 /* CFStringDefaultEncoding.h */,
				728FAB8825F8CDBF006CDD79 /* CFStringEncodingConverter.c */,
				728FABC925F8CDC1006CDD79 /* CFStringEncodingConverter.h */,
				728FABCE25F8CDC2006CDD79 /* CFStringEncodingConverterExt.h */,
				728FABCB25F8CDC2006CDD79 /* CFStringEncodingConverterPriv.h */,
				728FABA325F8CDC0006CDD79 /* CFStringEncodingDatabase.c */,
				728FABDB25F8CDC2006CDD79 /* CFStringEncodingDatabase.h */,
				728FABA025F8CDC0006CDD79 /* CFStringEncodingExt.h */,
				728FAB7825F8CDBE006CDD79 /* CFStringEncodings.c */,
				728FAB6425F8CDBD006CDD79 /* CFStringScanner.c */,
				728FABE625F8CDC3006CDD79 /* CFStringUtilities.c */,
				728FABCA25F8CDC1006CDD79 /* CFSystemDirectories.c */,
				728FABAA25F8CDC0006CDD79 /* CFTimeZone.c */,
				728FABAD25F8CDC0006CDD79 /* CFTimeZone.h */,
				728FABBC25F8CDC1006CDD79 /* CFTree.c */,
				728FAB8A25F8CDBF006CDD79 /* CFTree.h */,
				728FABE725F8CDC3006CDD79 /* CFUniChar.c */,
				728FAB9225F8CDBF006CDD79 /* CFUniChar.h */,
				728FABE825F8CDC3006CDD79 /* CFUniCharPriv.h */,
				728FABBF25F8CDC1006CDD79 /* CFUniCharPropertyDatabase.data */,
				728FABE925F8CDC3006CDD79 /* CFUnicodeData-B.mapping */,
				728FABF425F8CDC3006CDD79 /* CFUnicodeData-L.mapping */,
				728FABBD25F8CDC1006CDD79 /* CFUnicodeDecomposition.c */,
				728FAB6B25F8CDBD006CDD79 /* CFUnicodeDecomposition.h */,
				728FABFE25F8CDC4006CDD79 /* CFUnicodePrecomposition.c */,
				728FABB925F8CDC1006CDD79 /* CFUnicodePrecomposition.h */,
				728FAB8B25F8CDBF006CDD79 /* CFURL.c */,
				728FAB6E25F8CDBD006CDD79 /* CFURL.h */,
				728FABD025F8CDC2006CDD79 /* CFURL.inc.h */,
				728FAB6725F8CDBD006CDD79 /* CFURLAccess.c */,
				728FAB6125F8CDBD006CDD79 /* CFURLAccess.h */,
				728FABBB25F8CDC1006CDD79 /* CFURLPriv.h */,
				728FAB9C25F8CDBF006CDD79 /* CFUserNotification.c */,
				728FAB6225F8CDBD006CDD79 /* CFUserNotification.h */,
				728FAB7025F8CDBD006CDD79 /* CFUtilities.c */,
				728FABA525F8CDC0006CDD79 /* CFUtilities.h */,
				728FAB8C25F8CDBF006CDD79 /* CFUUID.c */,
				728FAB6C25F8CDBD006CDD79 /* CFUUID.h */,
				728FABC225F8CDC1006CDD79 /* CFVersion.c */,
				728FABEF25F8CDC3006CDD79 /* CFWindowsUtilities.c */,
				728FAB9025F8CDBF006CDD79 /* CFXMLInputStream.c */,
				728FABBE25F8CDC1006CDD79 /* CFXMLInputStream.h */,
				728FAB9E25F8CDC0006CDD79 /* CFXMLNode.c */,
				728FABD525F8CDC2006CDD79 /* CFXMLNode.h */,
				728FABFD25F8CDC4006CDD79 /* CFXMLParser.c */,
				728FAB7125F8CDBE006CDD79 /* CFXMLParser.h */,
				728FABF725F8CDC4006CDD79 /* CFXMLPreferencesDomain.c */,
				728FAB8F25F8CDBF006CDD79 /* CFXMLTree.c */,
				728FAB8E25F8CDBF006CDD79 /* CoreFoundation_Prefix.h */,
				728FAB7525F8CDBE006CDD79 /* CoreFoundation.h */,
				728FAB8025F8CDBE006CDD79 /* Examples */,
				728FAB6A25F8CDBD006CDD79 /* ForFoundationOnly.h */,
				728FABCF25F8CDC2006CDD79 /* Info.plist */,
				728FAB7C25F8CDBE006CDD79 /* Makefile */,
				728FABF825F8CDC4006CDD79 /* MakefileLinux */,
				728FAB9425F8CDBF006CDD79 /* MakefileVersion */,
				728FABDD25F8CDC2006CDD79 /* plconvert.c */,
				728FAB9F25F8CDC0006CDD79 /* PropertyList.dtd */,
				728FABD725F8CDC2006CDD79 /* README_CFLITE */,
				728FABDC25F8CDC2006CDD79 /* SymbolAliases */,
				728FAB7925F8CDBE006CDD79 /* TargetConditionals.h */,
			);
			path = "RunLoop源码";
			sourceTree = "<group>";
		};
		728FAB8025F8CDBE006CDD79 /* Examples */ = {
			isa = PBXGroup;
			children = (
				728FAB8125F8CDBE006CDD79 /* plconvert.c */,
			);
			path = Examples;
			sourceTree = "<group>";
		};
/* End PBXGroup section */

/* Begin PBXNativeTarget section */
		72471B0225DF906A00A79912 /* DSKeyKonwledge */ = {
			isa = PBXNativeTarget;
			buildConfigurationList = 72471B3225DF906B00A79912 /* Build configuration list for PBXNativeTarget "DSKeyKonwledge" */;
			buildPhases = (
				72471AFF25DF906A00A79912 /* Sources */,
				72471B0025DF906A00A79912 /* Frameworks */,
				72471B0125DF906A00A79912 /* Resources */,
			);
			buildRules = (
			);
			dependencies = (
			);
			name = DSKeyKonwledge;
			productName = DSKeyKonwledge;
			productReference = 72471B0325DF906A00A79912 /* DSKeyKonwledge.app */;
			productType = "com.apple.product-type.application";
		};
		72471B1D25DF906B00A79912 /* DSKeyKonwledgeTests */ = {
			isa = PBXNativeTarget;
			buildConfigurationList = 72471B3525DF906B00A79912 /* Build configuration list for PBXNativeTarget "DSKeyKonwledgeTests" */;
			buildPhases = (
				72471B1A25DF906B00A79912 /* Sources */,
				72471B1B25DF906B00A79912 /* Frameworks */,
				72471B1C25DF906B00A79912 /* Resources */,
			);
			buildRules = (
			);
			dependencies = (
				72471B2025DF906B00A79912 /* PBXTargetDependency */,
			);
			name = DSKeyKonwledgeTests;
			productName = DSKeyKonwledgeTests;
			productReference = 72471B1E25DF906B00A79912 /* DSKeyKonwledgeTests.xctest */;
			productType = "com.apple.product-type.bundle.unit-test";
		};
		72471B2825DF906B00A79912 /* DSKeyKonwledgeUITests */ = {
			isa = PBXNativeTarget;
			buildConfigurationList = 72471B3825DF906B00A79912 /* Build configuration list for PBXNativeTarget "DSKeyKonwledgeUITests" */;
			buildPhases = (
				72471B2525DF906B00A79912 /* Sources */,
				72471B2625DF906B00A79912 /* Frameworks */,
				72471B2725DF906B00A79912 /* Resources */,
			);
			buildRules = (
			);
			dependencies = (
				72471B2B25DF906B00A79912 /* PBXTargetDependency */,
			);
			name = DSKeyKonwledgeUITests;
			productName = DSKeyKonwledgeUITests;
			productReference = 72471B2925DF906B00A79912 /* DSKeyKonwledgeUITests.xctest */;
			productType = "com.apple.product-type.bundle.ui-testing";
		};
/* End PBXNativeTarget section */

/* Begin PBXProject section */
		72471AFB25DF906A00A79912 /* Project object */ = {
			isa = PBXProject;
			attributes = {
				LastUpgradeCheck = 1220;
				TargetAttributes = {
					72471B0225DF906A00A79912 = {
						CreatedOnToolsVersion = 12.2;
					};
					72471B1D25DF906B00A79912 = {
						CreatedOnToolsVersion = 12.2;
						TestTargetID = 72471B0225DF906A00A79912;
					};
					72471B2825DF906B00A79912 = {
						CreatedOnToolsVersion = 12.2;
						TestTargetID = 72471B0225DF906A00A79912;
					};
				};
			};
			buildConfigurationList = 72471AFE25DF906A00A79912 /* Build configuration list for PBXProject "DSKeyKonwledge" */;
			compatibilityVersion = "Xcode 9.3";
			developmentRegion = en;
			hasScannedForEncodings = 0;
			knownRegions = (
				en,
				Base,
			);
			mainGroup = 72471AFA25DF906A00A79912;
			productRefGroup = 72471B0425DF906A00A79912 /* Products */;
			projectDirPath = "";
			projectRoot = "";
			targets = (
				72471B0225DF906A00A79912 /* DSKeyKonwledge */,
				72471B1D25DF906B00A79912 /* DSKeyKonwledgeTests */,
				72471B2825DF906B00A79912 /* DSKeyKonwledgeUITests */,
			);
		};
/* End PBXProject section */

/* Begin PBXResourcesBuildPhase section */
		72471B0125DF906A00A79912 /* Resources */ = {
			isa = PBXResourcesBuildPhase;
			buildActionMask = 2147483647;
			files = (
				72471B1625DF906B00A79912 /* LaunchScreen.storyboard in Resources */,
				72471B1325DF906B00A79912 /* Assets.xcassets in Resources */,
				72471B1125DF906B00A79912 /* Main.storyboard in Resources */,
			);
			runOnlyForDeploymentPostprocessing = 0;
		};
		72471B1C25DF906B00A79912 /* Resources */ = {
			isa = PBXResourcesBuildPhase;
			buildActionMask = 2147483647;
			files = (
			);
			runOnlyForDeploymentPostprocessing = 0;
		};
		72471B2725DF906B00A79912 /* Resources */ = {
			isa = PBXResourcesBuildPhase;
			buildActionMask = 2147483647;
			files = (
			);
			runOnlyForDeploymentPostprocessing = 0;
		};
/* End PBXResourcesBuildPhase section */

/* Begin PBXSourcesBuildPhase section */
		72471AFF25DF906A00A79912 /* Sources */ = {
			isa = PBXSourcesBuildPhase;
			buildActionMask = 2147483647;
			files = (
				72471B4125DF913800A79912 /* DSMessage.m in Sources */,
				72471B4725DF937100A79912 /* ViewController+KVO.m in Sources */,
				72471B0E25DF906B00A79912 /* ViewController.m in Sources */,
				72471B0825DF906A00A79912 /* AppDelegate.m in Sources */,
				72471B1925DF906B00A79912 /* main.m in Sources */,
				72471B0B25DF906A00A79912 /* SceneDelegate.m in Sources */,
			);
			runOnlyForDeploymentPostprocessing = 0;
		};
		72471B1A25DF906B00A79912 /* Sources */ = {
			isa = PBXSourcesBuildPhase;
			buildActionMask = 2147483647;
			files = (
				72471B2325DF906B00A79912 /* DSKeyKonwledgeTests.m in Sources */,
			);
			runOnlyForDeploymentPostprocessing = 0;
		};
		72471B2525DF906B00A79912 /* Sources */ = {
			isa = PBXSourcesBuildPhase;
			buildActionMask = 2147483647;
			files = (
				72471B2E25DF906B00A79912 /* DSKeyKonwledgeUITests.m in Sources */,
			);
			runOnlyForDeploymentPostprocessing = 0;
		};
/* End PBXSourcesBuildPhase section */

/* Begin PBXTargetDependency section */
		72471B2025DF906B00A79912 /* PBXTargetDependency */ = {
			isa = PBXTargetDependency;
			target = 72471B0225DF906A00A79912 /* DSKeyKonwledge */;
			targetProxy = 72471B1F25DF906B00A79912 /* PBXContainerItemProxy */;
		};
		72471B2B25DF906B00A79912 /* PBXTargetDependency */ = {
			isa = PBXTargetDependency;
			target = 72471B0225DF906A00A79912 /* DSKeyKonwledge */;
			targetProxy = 72471B2A25DF906B00A79912 /* PBXContainerItemProxy */;
		};
/* End PBXTargetDependency section */

/* Begin PBXVariantGroup section */
		72471B0F25DF906B00A79912 /* Main.storyboard */ = {
			isa = PBXVariantGroup;
			children = (
				72471B1025DF906B00A79912 /* Base */,
			);
			name = Main.storyboard;
			sourceTree = "<group>";
		};
		72471B1425DF906B00A79912 /* LaunchScreen.storyboard */ = {
			isa = PBXVariantGroup;
			children = (
				72471B1525DF906B00A79912 /* Base */,
			);
			name = LaunchScreen.storyboard;
			sourceTree = "<group>";
		};
/* End PBXVariantGroup section */

/* Begin XCBuildConfiguration section */
		72471B3025DF906B00A79912 /* Debug */ = {
			isa = XCBuildConfiguration;
			buildSettings = {
				ALWAYS_SEARCH_USER_PATHS = NO;
				CLANG_ANALYZER_NONNULL = YES;
				CLANG_ANALYZER_NUMBER_OBJECT_CONVERSION = YES_AGGRESSIVE;
				CLANG_CXX_LANGUAGE_STANDARD = "gnu++14";
				CLANG_CXX_LIBRARY = "libc++";
				CLANG_ENABLE_MODULES = YES;
				CLANG_ENABLE_OBJC_ARC = YES;
				CLANG_ENABLE_OBJC_WEAK = YES;
				CLANG_WARN_BLOCK_CAPTURE_AUTORELEASING = YES;
				CLANG_WARN_BOOL_CONVERSION = YES;
				CLANG_WARN_COMMA = YES;
				CLANG_WARN_CONSTANT_CONVERSION = YES;
				CLANG_WARN_DEPRECATED_OBJC_IMPLEMENTATIONS = YES;
				CLANG_WARN_DIRECT_OBJC_ISA_USAGE = YES_ERROR;
				CLANG_WARN_DOCUMENTATION_COMMENTS = YES;
				CLANG_WARN_EMPTY_BODY = YES;
				CLANG_WARN_ENUM_CONVERSION = YES;
				CLANG_WARN_INFINITE_RECURSION = YES;
				CLANG_WARN_INT_CONVERSION = YES;
				CLANG_WARN_NON_LITERAL_NULL_CONVERSION = YES;
				CLANG_WARN_OBJC_IMPLICIT_RETAIN_SELF = YES;
				CLANG_WARN_OBJC_LITERAL_CONVERSION = YES;
				CLANG_WARN_OBJC_ROOT_CLASS = YES_ERROR;
				CLANG_WARN_QUOTED_INCLUDE_IN_FRAMEWORK_HEADER = YES;
				CLANG_WARN_RANGE_LOOP_ANALYSIS = YES;
				CLANG_WARN_STRICT_PROTOTYPES = YES;
				CLANG_WARN_SUSPICIOUS_MOVE = YES;
				CLANG_WARN_UNGUARDED_AVAILABILITY = YES_AGGRESSIVE;
				CLANG_WARN_UNREACHABLE_CODE = YES;
				CLANG_WARN__DUPLICATE_METHOD_MATCH = YES;
				COPY_PHASE_STRIP = NO;
				DEBUG_INFORMATION_FORMAT = dwarf;
				ENABLE_STRICT_OBJC_MSGSEND = YES;
				ENABLE_TESTABILITY = YES;
				GCC_C_LANGUAGE_STANDARD = gnu11;
				GCC_DYNAMIC_NO_PIC = NO;
				GCC_NO_COMMON_BLOCKS = YES;
				GCC_OPTIMIZATION_LEVEL = 0;
				GCC_PREPROCESSOR_DEFINITIONS = (
					"DEBUG=1",
					"$(inherited)",
				);
				GCC_WARN_64_TO_32_BIT_CONVERSION = YES;
				GCC_WARN_ABOUT_RETURN_TYPE = YES_ERROR;
				GCC_WARN_UNDECLARED_SELECTOR = YES;
				GCC_WARN_UNINITIALIZED_AUTOS = YES_AGGRESSIVE;
				GCC_WARN_UNUSED_FUNCTION = YES;
				GCC_WARN_UNUSED_VARIABLE = YES;
				IPHONEOS_DEPLOYMENT_TARGET = 14.2;
				MTL_ENABLE_DEBUG_INFO = INCLUDE_SOURCE;
				MTL_FAST_MATH = YES;
				ONLY_ACTIVE_ARCH = YES;
				SDKROOT = iphoneos;
			};
			name = Debug;
		};
		72471B3125DF906B00A79912 /* Release */ = {
			isa = XCBuildConfiguration;
			buildSettings = {
				ALWAYS_SEARCH_USER_PATHS = NO;
				CLANG_ANALYZER_NONNULL = YES;
				CLANG_ANALYZER_NUMBER_OBJECT_CONVERSION = YES_AGGRESSIVE;
				CLANG_CXX_LANGUAGE_STANDARD = "gnu++14";
				CLANG_CXX_LIBRARY = "libc++";
				CLANG_ENABLE_MODULES = YES;
				CLANG_ENABLE_OBJC_ARC = YES;
				CLANG_ENABLE_OBJC_WEAK = YES;
				CLANG_WARN_BLOCK_CAPTURE_AUTORELEASING = YES;
				CLANG_WARN_BOOL_CONVERSION = YES;
				CLANG_WARN_COMMA = YES;
				CLANG_WARN_CONSTANT_CONVERSION = YES;
				CLANG_WARN_DEPRECATED_OBJC_IMPLEMENTATIONS = YES;
				CLANG_WARN_DIRECT_OBJC_ISA_USAGE = YES_ERROR;
				CLANG_WARN_DOCUMENTATION_COMMENTS = YES;
				CLANG_WARN_EMPTY_BODY = YES;
				CLANG_WARN_ENUM_CONVERSION = YES;
				CLANG_WARN_INFINITE_RECURSION = YES;
				CLANG_WARN_INT_CONVERSION = YES;
				CLANG_WARN_NON_LITERAL_NULL_CONVERSION = YES;
				CLANG_WARN_OBJC_IMPLICIT_RETAIN_SELF = YES;
				CLANG_WARN_OBJC_LITERAL_CONVERSION = YES;
				CLANG_WARN_OBJC_ROOT_CLASS = YES_ERROR;
				CLANG_WARN_QUOTED_INCLUDE_IN_FRAMEWORK_HEADER = YES;
				CLANG_WARN_RANGE_LOOP_ANALYSIS = YES;
				CLANG_WARN_STRICT_PROTOTYPES = YES;
				CLANG_WARN_SUSPICIOUS_MOVE = YES;
				CLANG_WARN_UNGUARDED_AVAILABILITY = YES_AGGRESSIVE;
				CLANG_WARN_UNREACHABLE_CODE = YES;
				CLANG_WARN__DUPLICATE_METHOD_MATCH = YES;
				COPY_PHASE_STRIP = NO;
				DEBUG_INFORMATION_FORMAT = "dwarf-with-dsym";
				ENABLE_NS_ASSERTIONS = NO;
				ENABLE_STRICT_OBJC_MSGSEND = YES;
				GCC_C_LANGUAGE_STANDARD = gnu11;
				GCC_NO_COMMON_BLOCKS = YES;
				GCC_WARN_64_TO_32_BIT_CONVERSION = YES;
				GCC_WARN_ABOUT_RETURN_TYPE = YES_ERROR;
				GCC_WARN_UNDECLARED_SELECTOR = YES;
				GCC_WARN_UNINITIALIZED_AUTOS = YES_AGGRESSIVE;
				GCC_WARN_UNUSED_FUNCTION = YES;
				GCC_WARN_UNUSED_VARIABLE = YES;
				IPHONEOS_DEPLOYMENT_TARGET = 14.2;
				MTL_ENABLE_DEBUG_INFO = NO;
				MTL_FAST_MATH = YES;
				SDKROOT = iphoneos;
				VALIDATE_PRODUCT = YES;
			};
			name = Release;
		};
		72471B3325DF906B00A79912 /* Debug */ = {
			isa = XCBuildConfiguration;
			buildSettings = {
				ASSETCATALOG_COMPILER_APPICON_NAME = AppIcon;
				ASSETCATALOG_COMPILER_GLOBAL_ACCENT_COLOR_NAME = AccentColor;
				CODE_SIGN_STYLE = Automatic;
				DEVELOPMENT_TEAM = D4L8SN8WYW;
				INFOPLIST_FILE = DSKeyKonwledge/Info.plist;
				LD_RUNPATH_SEARCH_PATHS = (
					"$(inherited)",
					"@executable_path/Frameworks",
				);
				PRODUCT_BUNDLE_IDENTIFIER = com.cidemo.DSKeyKonwledge;
				PRODUCT_NAME = "$(TARGET_NAME)";
				TARGETED_DEVICE_FAMILY = "1,2";
			};
			name = Debug;
		};
		72471B3425DF906B00A79912 /* Release */ = {
			isa = XCBuildConfiguration;
			buildSettings = {
				ASSETCATALOG_COMPILER_APPICON_NAME = AppIcon;
				ASSETCATALOG_COMPILER_GLOBAL_ACCENT_COLOR_NAME = AccentColor;
				CODE_SIGN_STYLE = Automatic;
				DEVELOPMENT_TEAM = D4L8SN8WYW;
				INFOPLIST_FILE = DSKeyKonwledge/Info.plist;
				LD_RUNPATH_SEARCH_PATHS = (
					"$(inherited)",
					"@executable_path/Frameworks",
				);
				PRODUCT_BUNDLE_IDENTIFIER = com.cidemo.DSKeyKonwledge;
				PRODUCT_NAME = "$(TARGET_NAME)";
				TARGETED_DEVICE_FAMILY = "1,2";
			};
			name = Release;
		};
		72471B3625DF906B00A79912 /* Debug */ = {
			isa = XCBuildConfiguration;
			buildSettings = {
				BUNDLE_LOADER = "$(TEST_HOST)";
				CODE_SIGN_STYLE = Automatic;
				DEVELOPMENT_TEAM = D4L8SN8WYW;
				INFOPLIST_FILE = DSKeyKonwledgeTests/Info.plist;
				IPHONEOS_DEPLOYMENT_TARGET = 14.2;
				LD_RUNPATH_SEARCH_PATHS = (
					"$(inherited)",
					"@executable_path/Frameworks",
					"@loader_path/Frameworks",
				);
				PRODUCT_BUNDLE_IDENTIFIER = com.cidemo.DSKeyKonwledgeTests;
				PRODUCT_NAME = "$(TARGET_NAME)";
				TARGETED_DEVICE_FAMILY = "1,2";
				TEST_HOST = "$(BUILT_PRODUCTS_DIR)/DSKeyKonwledge.app/DSKeyKonwledge";
			};
			name = Debug;
		};
		72471B3725DF906B00A79912 /* Release */ = {
			isa = XCBuildConfiguration;
			buildSettings = {
				BUNDLE_LOADER = "$(TEST_HOST)";
				CODE_SIGN_STYLE = Automatic;
				DEVELOPMENT_TEAM = D4L8SN8WYW;
				INFOPLIST_FILE = DSKeyKonwledgeTests/Info.plist;
				IPHONEOS_DEPLOYMENT_TARGET = 14.2;
				LD_RUNPATH_SEARCH_PATHS = (
					"$(inherited)",
					"@executable_path/Frameworks",
					"@loader_path/Frameworks",
				);
				PRODUCT_BUNDLE_IDENTIFIER = com.cidemo.DSKeyKonwledgeTests;
				PRODUCT_NAME = "$(TARGET_NAME)";
				TARGETED_DEVICE_FAMILY = "1,2";
				TEST_HOST = "$(BUILT_PRODUCTS_DIR)/DSKeyKonwledge.app/DSKeyKonwledge";
			};
			name = Release;
		};
		72471B3925DF906B00A79912 /* Debug */ = {
			isa = XCBuildConfiguration;
			buildSettings = {
				CODE_SIGN_STYLE = Automatic;
				DEVELOPMENT_TEAM = D4L8SN8WYW;
				INFOPLIST_FILE = DSKeyKonwledgeUITests/Info.plist;
				LD_RUNPATH_SEARCH_PATHS = (
					"$(inherited)",
					"@executable_path/Frameworks",
					"@loader_path/Frameworks",
				);
				PRODUCT_BUNDLE_IDENTIFIER = com.cidemo.DSKeyKonwledgeUITests;
				PRODUCT_NAME = "$(TARGET_NAME)";
				TARGETED_DEVICE_FAMILY = "1,2";
				TEST_TARGET_NAME = DSKeyKonwledge;
			};
			name = Debug;
		};
		72471B3A25DF906B00A79912 /* Release */ = {
			isa = XCBuildConfiguration;
			buildSettings = {
				CODE_SIGN_STYLE = Automatic;
				DEVELOPMENT_TEAM = D4L8SN8WYW;
				INFOPLIST_FILE = DSKeyKonwledgeUITests/Info.plist;
				LD_RUNPATH_SEARCH_PATHS = (
					"$(inherited)",
					"@executable_path/Frameworks",
					"@loader_path/Frameworks",
				);
				PRODUCT_BUNDLE_IDENTIFIER = com.cidemo.DSKeyKonwledgeUITests;
				PRODUCT_NAME = "$(TARGET_NAME)";
				TARGETED_DEVICE_FAMILY = "1,2";
				TEST_TARGET_NAME = DSKeyKonwledge;
			};
			name = Release;
		};
/* End XCBuildConfiguration section */

/* Begin XCConfigurationList section */
		72471AFE25DF906A00A79912 /* Build configuration list for PBXProject "DSKeyKonwledge" */ = {
			isa = XCConfigurationList;
			buildConfigurations = (
				72471B3025DF906B00A79912 /* Debug */,
				72471B3125DF906B00A79912 /* Release */,
			);
			defaultConfigurationIsVisible = 0;
			defaultConfigurationName = Release;
		};
		72471B3225DF906B00A79912 /* Build configuration list for PBXNativeTarget "DSKeyKonwledge" */ = {
			isa = XCConfigurationList;
			buildConfigurations = (
				72471B3325DF906B00A79912 /* Debug */,
				72471B3425DF906B00A79912 /* Release */,
			);
			defaultConfigurationIsVisible = 0;
			defaultConfigurationName = Release;
		};
		72471B3525DF906B00A79912 /* Build configuration list for PBXNativeTarget "DSKeyKonwledgeTests" */ = {
			isa = XCConfigurationList;
			buildConfigurations = (
				72471B3625DF906B00A79912 /* Debug */,
				72471B3725DF906B00A79912 /* Release */,
			);
			defaultConfigurationIsVisible = 0;
			defaultConfigurationName = Release;
		};
		72471B3825DF906B00A79912 /* Build configuration list for PBXNativeTarget "DSKeyKonwledgeUITests" */ = {
			isa = XCConfigurationList;
			buildConfigurations = (
				72471B3925DF906B00A79912 /* Debug */,
				72471B3A25DF906B00A79912 /* Release */,
			);
			defaultConfigurationIsVisible = 0;
			defaultConfigurationName = Release;
		};
/* End XCConfigurationList section */
	};
	rootObject = 72471AFB25DF906A00A79912 /* Project object */;
}
